
Microsoft Visual Studio Solution File, Format Version 12.00
# Visual Studio Version 17
VisualStudioVersion = 17.13.35931.197
MinimumVisualStudioVersion = 10.0.40219.1
Project("{FAE04EC0-301F-11D3-BF4B-00C04F79EFBC}") = "MauiCrudApp.Ble.SwiftApp", "MauiCrudApp.Ble.SwiftApp\MauiCrudApp.Ble.SwiftApp.csproj", "{F224A7B0-927F-418A-8ADB-07EACD3E9C19}"
EndProject
Project("{FAE04EC0-301F-11D3-BF4B-00C04F79EFBC}") = "MauiCrudApp.Common", "..\..\MauiCrudApp.Common\src\MauiCrudApp.Common\MauiCrudApp.Common.csproj", "{ADF8B6E6-B3D3-8ED4-AE66-567E4DC4B828}"
EndProject
Project("{FAE04EC0-301F-11D3-BF4B-00C04F79EFBC}") = "MauiCrudApp.Ble", "..\..\MauiCrudApp.Ble\MauiCrudApp.Ble\MauiCrudApp.Ble.csproj", "{420DD52B-68D5-906A-EFBD-2A5D2B8ED7B5}"
EndProject
Global
	GlobalSection(SolutionConfigurationPlatforms) = preSolution
		Debug|Any CPU = Debug|Any CPU
		Release|Any CPU = Release|Any CPU
	EndGlobalSection
	GlobalSection(ProjectConfigurationPlatforms) = postSolution
		{F224A7B0-927F-418A-8ADB-07EACD3E9C19}.Debug|Any CPU.ActiveCfg = Debug|Any CPU
		{F224A7B0-927F-418A-8ADB-07EACD3E9C19}.Debug|Any CPU.Build.0 = Debug|Any CPU
		{F224A7B0-927F-418A-8ADB-07EACD3E9C19}.Debug|Any CPU.Deploy.0 = Debug|Any CPU
		{F224A7B0-927F-418A-8ADB-07EACD3E9C19}.Release|Any CPU.ActiveCfg = Release|Any CPU
		{F224A7B0-927F-418A-8ADB-07EACD3E9C19}.Release|Any CPU.Build.0 = Release|Any CPU
		{F224A7B0-927F-418A-8ADB-07EACD3E9C19}.Release|Any CPU.Deploy.0 = Release|Any CPU
		{ADF8B6E6-B3D3-8ED4-AE66-567E4DC4B828}.Debug|Any CPU.ActiveCfg = Debug|Any CPU
		{ADF8B6E6-B3D3-8ED4-AE66-567E4DC4B828}.Debug|Any CPU.Build.0 = Debug|Any CPU
		{ADF8B6E6-B3D3-8ED4-AE66-567E4DC4B828}.Release|Any CPU.ActiveCfg = Release|Any CPU
		{ADF8B6E6-B3D3-8ED4-AE66-567E4DC4B828}.Release|Any CPU.Build.0 = Release|Any CPU
		{420DD52B-68D5-906A-EFBD-2A5D2B8ED7B5}.Debug|Any CPU.ActiveCfg = Debug|Any CPU
		{420DD52B-68D5-906A-EFBD-2A5D2B8ED7B5}.Debug|Any CPU.Build.0 = Debug|Any CPU
		{420DD52B-68D5-906A-EFBD-2A5D2B8ED7B5}.Release|Any CPU.ActiveCfg = Release|Any CPU
		{420DD52B-68D5-906A-EFBD-2A5D2B8ED7B5}.Release|Any CPU.Build.0 = Release|Any CPU
	EndGlobalSection
	GlobalSection(SolutionProperties) = preSolution
		HideSolutionNode = FALSE
	EndGlobalSection
	GlobalSection(ExtensibilityGlobals) = postSolution
		SolutionGuid = {34A70024-7525-432D-9273-70FF26FDF705}
	EndGlobalSection
EndGlobal
